
Microsoft Visual Studio Solution File, Format Version 12.00
# Visual Studio Version 16
VisualStudioVersion = 25.0.1706.11
MinimumVisualStudioVersion = 10.0.40219.1
Project("{FAE04EC0-301F-11D3-BF4B-00C04F79EFBC}") = "Tic", "Tic\Tic.csproj", "{5DFEF0CC-AD6C-4570-A3D0-23719FA360BE}"
EndProject
Global
	GlobalSection(SolutionConfigurationPlatforms) = preSolution
		Debug|Any CPU = Debug|Any CPU
		Release|Any CPU = Release|Any CPU
	EndGlobalSection
	GlobalSection(ProjectConfigurationPlatforms) = postSolution
		{5DFEF0CC-AD6C-4570-A3D0-23719FA360BE}.Debug|Any CPU.ActiveCfg = Debug|Any CPU
		{5DFEF0CC-AD6C-4570-A3D0-23719FA360BE}.Debug|Any CPU.Build.0 = Debug|Any CPU
		{5DFEF0CC-AD6C-4570-A3D0-23719FA360BE}.Release|Any CPU.ActiveCfg = Release|Any CPU
		{5DFEF0CC-AD6C-4570-A3D0-23719FA360BE}.Release|Any CPU.Build.0 = Release|Any CPU
	EndGlobalSection
	GlobalSection(SolutionProperties) = preSolution
		HideSolutionNode = FALSE
	EndGlobalSection
	GlobalSection(ExtensibilityGlobals) = postSolution
		SolutionGuid = {ADA9F07A-9403-46B6-8971-0B0B12675DD6}
	EndGlobalSection
EndGlobal
