
Microsoft Visual Studio Solution File, Format Version 12.00
# Visual Studio Version 16
VisualStudioVersion = 25.0.1706.11
MinimumVisualStudioVersion = 10.0.40219.1
Project("{FAE04EC0-301F-11D3-BF4B-00C04F79EFBC}") = "BlazorMatchGame", "BlazorMatchGame.csproj", "{EF9A7056-B921-437E-8C0C-A809AED9E559}"
EndProject
Global
	GlobalSection(SolutionConfigurationPlatforms) = preSolution
		Debug|Any CPU = Debug|Any CPU
		Release|Any CPU = Release|Any CPU
	EndGlobalSection
	GlobalSection(ProjectConfigurationPlatforms) = postSolution
		{EF9A7056-B921-437E-8C0C-A809AED9E559}.Debug|Any CPU.ActiveCfg = Debug|Any CPU
		{EF9A7056-B921-437E-8C0C-A809AED9E559}.Debug|Any CPU.Build.0 = Debug|Any CPU
		{EF9A7056-B921-437E-8C0C-A809AED9E559}.Release|Any CPU.ActiveCfg = Release|Any CPU
		{EF9A7056-B921-437E-8C0C-A809AED9E559}.Release|Any CPU.Build.0 = Release|Any CPU
	EndGlobalSection
	GlobalSection(SolutionProperties) = preSolution
		HideSolutionNode = FALSE
	EndGlobalSection
	GlobalSection(ExtensibilityGlobals) = postSolution
		SolutionGuid = {004908CA-91E7-47BB-9C8A-3D1F9C4F7043}
	EndGlobalSection
EndGlobal
